{
  "name": "achievement-app",
  "version": "1.0.0",
  "lockfileVersion": 2,
  "requires": true,
  "packages": {
    "": {
      "name": "achievement-app",
      "version": "1.0.0",
      "license": "ISC",
      "dependencies": {
        "babylonjs": "^5.5.6"
      }
    },
    "node_modules/babylonjs": {
      "version": "5.5.6",
      "resolved": "https://registry.npmjs.org/babylonjs/-/babylonjs-5.5.6.tgz",
      "integrity": "sha512-vpsc6PWaJFRdkiqX/QZZUxo1YBwdrSicq9ttYTRNnG81HcmwKmCMtIYapAN15DBqz7TMVOsG6t/+GyKgsGbCMA=="
    }
  },
  "dependencies": {
    "babylonjs": {
      "version": "5.5.6",
      "resolved": "https://registry.npmjs.org/babylonjs/-/babylonjs-5.5.6.tgz",
      "integrity": "sha512-vpsc6PWaJFRdkiqX/QZZUxo1YBwdrSicq9ttYTRNnG81HcmwKmCMtIYapAN15DBqz7TMVOsG6t/+GyKgsGbCMA=="
    }
  }
}
